{
  "name": "snap-bbox",
  "version": "0.4.0",
  "lockfileVersion": 2,
  "requires": true,
  "packages": {
    "": {
      "name": "snap-bbox",
      "version": "0.4.0",
      "license": "CC0-1.0",
      "dependencies": {
        "preciso": "^0.12.0"
      },
      "devDependencies": {
        "flug": "^2.6.0"
      }
    },
    "node_modules/.pnpm/flug@2.6.0/node_modules/flug": {
      "version": "2.6.0",
      "dev": true,
      "license": "CC0-1.0"
    },
    "node_modules/.pnpm/preciso@0.12.0/node_modules/preciso": {
      "version": "0.12.0",
      "license": "CC0-1.0",
      "devDependencies": {
        "big.js": "^6.1.1",
        "flug": "^2.2.0"
      }
    },
    "node_modules/big.js": {
      "version": "6.2.1",
      "resolved": "https://registry.npmjs.org/big.js/-/big.js-6.2.1.tgz",
      "integrity": "sha512-bCtHMwL9LeDIozFn+oNhhFoq+yQ3BNdnsLSASUxLciOb1vgvpHsIO1dsENiGMgbb4SkP5TrzWzRiLddn8ahVOQ==",
      "dev": true,
      "engines": {
        "node": "*"
      },
      "funding": {
        "type": "opencollective",
        "url": "https://opencollective.com/bigjs"
      }
    },
    "node_modules/flug": {
      "resolved": "node_modules/.pnpm/flug@2.6.0/node_modules/flug",
      "link": true
    },
    "node_modules/preciso": {
      "resolved": "node_modules/.pnpm/preciso@0.12.0/node_modules/preciso",
      "link": true
    }
  },
  "dependencies": {
    "big.js": {
      "version": "6.2.1",
      "resolved": "https://registry.npmjs.org/big.js/-/big.js-6.2.1.tgz",
      "integrity": "sha512-bCtHMwL9LeDIozFn+oNhhFoq+yQ3BNdnsLSASUxLciOb1vgvpHsIO1dsENiGMgbb4SkP5TrzWzRiLddn8ahVOQ==",
      "dev": true
    },
    "flug": {
      "version": "file:node_modules/.pnpm/flug@2.6.0/node_modules/flug"
    },
    "preciso": {
      "version": "file:node_modules/.pnpm/preciso@0.12.0/node_modules/preciso",
      "requires": {
        "big.js": "^6.1.1",
        "flug": "^2.2.0"
      }
    }
  }
}
