{
  "name": "snap-bbox",
  "version": "0.4.0",
  "lockfileVersion": 2,
  "requires": true,
  "packages": {
    "": {
      "name": "snap-bbox",
      "version": "0.4.0",
      "license": "CC0-1.0",
      "dependencies": {
        "preciso": "^0.12.0"
      },
      "devDependencies": {
        "flug": "^2.6.0"
      }
    },
    "node_modules/flug": {
      "version": "2.6.0",
      "resolved": "https://registry.npmjs.org/flug/-/flug-2.6.0.tgz",
      "integrity": "sha512-ePse0IWT+FEMUPWv8P2D3PtM/+Oag+/uKs4xtZx8gHoMCjj9gpSZU5/I13Ud8TRioBboIaW9gi/6ZWa3QZAhZQ==",
      "dev": true
    },
    "node_modules/preciso": {
      "version": "0.12.0",
      "resolved": "https://registry.npmjs.org/preciso/-/preciso-0.12.0.tgz",
      "integrity": "sha512-h7HZcg7lOzeR86oyt/7j3D9ZeqE9PQbGTjO3XNv9wPnsFmEhajZ1EJ0tmNsjDBtAAUVDo0tIzY/H09Yc//2JzQ=="
    }
  },
  "dependencies": {
    "flug": {
      "version": "2.6.0",
      "resolved": "https://registry.npmjs.org/flug/-/flug-2.6.0.tgz",
      "integrity": "sha512-ePse0IWT+FEMUPWv8P2D3PtM/+Oag+/uKs4xtZx8gHoMCjj9gpSZU5/I13Ud8TRioBboIaW9gi/6ZWa3QZAhZQ==",
      "dev": true
    },
    "preciso": {
      "version": "0.12.0",
      "resolved": "https://registry.npmjs.org/preciso/-/preciso-0.12.0.tgz",
      "integrity": "sha512-h7HZcg7lOzeR86oyt/7j3D9ZeqE9PQbGTjO3XNv9wPnsFmEhajZ1EJ0tmNsjDBtAAUVDo0tIzY/H09Yc//2JzQ=="
    }
  }
}
